// !$*UTF8*$!
{
	archiveVersion = 1;
	classes = {
	};
	objectVersion = 51;
	objects = {

/* Begin PBXBuildFile section */
		8549DBAFB5AF589DB0E39A3F /* Pods_JKGiftAnimation.framework in Frameworks */ = {isa = PBXBuildFile; fileRef = 8C067033F3422CEE731B2D03 /* Pods_JKGiftAnimation.framework */; };
		E25570C424D475DF0026B83B /* AppDelegate.swift in Sources */ = {isa = PBXBuildFile; fileRef = E25570C324D475DF0026B83B /* AppDelegate.swift */; };
		E25570C624D475DF0026B83B /* SceneDelegate.swift in Sources */ = {isa = PBXBuildFile; fileRef = E25570C524D475DF0026B83B /* SceneDelegate.swift */; };
		E25570C824D475DF0026B83B /* ViewController.swift in Sources */ = {isa = PBXBuildFile; fileRef = E25570C724D475DF0026B83B /* ViewController.swift */; };
		E25570CB24D475DF0026B83B /* Main.storyboard in Resources */ = {isa = PBXBuildFile; fileRef = E25570C924D475DF0026B83B /* Main.storyboard */; };
		E25570CD24D475E00026B83B /* Assets.xcassets in Resources */ = {isa = PBXBuildFile; fileRef = E25570CC24D475E00026B83B /* Assets.xcassets */; };
		E25570D024D475E00026B83B /* LaunchScreen.storyboard in Resources */ = {isa = PBXBuildFile; fileRef = E25570CE24D475E00026B83B /* LaunchScreen.storyboard */; };
		E25570DB24D475E00026B83B /* JKGiftAnimationTests.swift in Sources */ = {isa = PBXBuildFile; fileRef = E25570DA24D475E00026B83B /* JKGiftAnimationTests.swift */; };
		E25570E624D475E00026B83B /* JKGiftAnimationUITests.swift in Sources */ = {isa = PBXBuildFile; fileRef = E25570E524D475E00026B83B /* JKGiftAnimationUITests.swift */; };
		E25570F824D4770B0026B83B /* JKGiftContainerView.swift in Sources */ = {isa = PBXBuildFile; fileRef = E25570F424D4770B0026B83B /* JKGiftContainerView.swift */; };
		E25570F924D4770B0026B83B /* JKGiftChannelView.swift in Sources */ = {isa = PBXBuildFile; fileRef = E25570F524D4770B0026B83B /* JKGiftChannelView.swift */; };
		E25570FA24D4770B0026B83B /* JKGiftModel.swift in Sources */ = {isa = PBXBuildFile; fileRef = E25570F624D4770B0026B83B /* JKGiftModel.swift */; };
		E25570FB24D4770B0026B83B /* JKGiftDigitLabel.swift in Sources */ = {isa = PBXBuildFile; fileRef = E25570F724D4770B0026B83B /* JKGiftDigitLabel.swift */; };
		E264B1DE24D7A51500ED82F8 /* GiftMakingInstructions in Resources */ = {isa = PBXBuildFile; fileRef = E264B1DD24D7A51500ED82F8 /* GiftMakingInstructions */; };
		E264B26824D7DBB300ED82F8 /* UIImageView+Gif.swift in Sources */ = {isa = PBXBuildFile; fileRef = E264B26724D7DBB300ED82F8 /* UIImageView+Gif.swift */; };
/* End PBXBuildFile section */

/* Begin PBXContainerItemProxy section */
		E25570D724D475E00026B83B /* PBXContainerItemProxy */ = {
			isa = PBXContainerItemProxy;
			containerPortal = E25570B824D475DF0026B83B /* Project object */;
			proxyType = 1;
			remoteGlobalIDString = E25570BF24D475DF0026B83B;
			remoteInfo = JKGiftAnimation;
		};
		E25570E224D475E00026B83B /* PBXContainerItemProxy */ = {
			isa = PBXContainerItemProxy;
			containerPortal = E25570B824D475DF0026B83B /* Project object */;
			proxyType = 1;
			remoteGlobalIDString = E25570BF24D475DF0026B83B;
			remoteInfo = JKGiftAnimation;
		};
/* End PBXContainerItemProxy section */

/* Begin PBXFileReference section */
		6DA4414B1CB27234A1017502 /* Pods-JKGiftAnimation.debug.xcconfig */ = {isa = PBXFileReference; includeInIndex = 1; lastKnownFileType = text.xcconfig; name = "Pods-JKGiftAnimation.debug.xcconfig"; path = "Target Support Files/Pods-JKGiftAnimation/Pods-JKGiftAnimation.debug.xcconfig"; sourceTree = "<group>"; };
		8C067033F3422CEE731B2D03 /* Pods_JKGiftAnimation.framework */ = {isa = PBXFileReference; explicitFileType = wrapper.framework; includeInIndex = 0; path = Pods_JKGiftAnimation.framework; sourceTree = BUILT_PRODUCTS_DIR; };
		E25570C024D475DF0026B83B /* JKGiftAnimation.app */ = {isa = PBXFileReference; explicitFileType = wrapper.application; includeInIndex = 0; path = JKGiftAnimation.app; sourceTree = BUILT_PRODUCTS_DIR; };
		E25570C324D475DF0026B83B /* AppDelegate.swift */ = {isa = PBXFileReference; lastKnownFileType = sourcecode.swift; path = AppDelegate.swift; sourceTree = "<group>"; };
		E25570C524D475DF0026B83B /* SceneDelegate.swift */ = {isa = PBXFileReference; lastKnownFileType = sourcecode.swift; path = SceneDelegate.swift; sourceTree = "<group>"; };
		E25570C724D475DF0026B83B /* ViewController.swift */ = {isa = PBXFileReference; lastKnownFileType = sourcecode.swift; path = ViewController.swift; sourceTree = "<group>"; };
		E25570CA24D475DF0026B83B /* Base */ = {isa = PBXFileReference; lastKnownFileType = file.storyboard; name = Base; path = Base.lproj/Main.storyboard; sourceTree = "<group>"; };
		E25570CC24D475E00026B83B /* Assets.xcassets */ = {isa = PBXFileReference; lastKnownFileType = folder.assetcatalog; path = Assets.xcassets; sourceTree = "<group>"; };
		E25570CF24D475E00026B83B /* Base */ = {isa = PBXFileReference; lastKnownFileType = file.storyboard; name = Base; path = Base.lproj/LaunchScreen.storyboard; sourceTree = "<group>"; };
		E25570D124D475E00026B83B /* Info.plist */ = {isa = PBXFileReference; lastKnownFileType = text.plist.xml; path = Info.plist; sourceTree = "<group>"; };
		E25570D624D475E00026B83B /* JKGiftAnimationTests.xctest */ = {isa = PBXFileReference; explicitFileType = wrapper.cfbundle; includeInIndex = 0; path = JKGiftAnimationTests.xctest; sourceTree = BUILT_PRODUCTS_DIR; };
		E25570DA24D475E00026B83B /* JKGiftAnimationTests.swift */ = {isa = PBXFileReference; lastKnownFileType = sourcecode.swift; path = JKGiftAnimationTests.swift; sourceTree = "<group>"; };
		E25570DC24D475E00026B83B /* Info.plist */ = {isa = PBXFileReference; lastKnownFileType = text.plist.xml; path = Info.plist; sourceTree = "<group>"; };
		E25570E124D475E00026B83B /* JKGiftAnimationUITests.xctest */ = {isa = PBXFileReference; explicitFileType = wrapper.cfbundle; includeInIndex = 0; path = JKGiftAnimationUITests.xctest; sourceTree = BUILT_PRODUCTS_DIR; };
		E25570E524D475E00026B83B /* JKGiftAnimationUITests.swift */ = {isa = PBXFileReference; lastKnownFileType = sourcecode.swift; path = JKGiftAnimationUITests.swift; sourceTree = "<group>"; };
		E25570E724D475E00026B83B /* Info.plist */ = {isa = PBXFileReference; lastKnownFileType = text.plist.xml; path = Info.plist; sourceTree = "<group>"; };
		E25570F424D4770B0026B83B /* JKGiftContainerView.swift */ = {isa = PBXFileReference; fileEncoding = 4; lastKnownFileType = sourcecode.swift; path = JKGiftContainerView.swift; sourceTree = "<group>"; };
		E25570F524D4770B0026B83B /* JKGiftChannelView.swift */ = {isa = PBXFileReference; fileEncoding = 4; lastKnownFileType = sourcecode.swift; path = JKGiftChannelView.swift; sourceTree = "<group>"; };
		E25570F624D4770B0026B83B /* JKGiftModel.swift */ = {isa = PBXFileReference; fileEncoding = 4; lastKnownFileType = sourcecode.swift; path = JKGiftModel.swift; sourceTree = "<group>"; };
		E25570F724D4770B0026B83B /* JKGiftDigitLabel.swift */ = {isa = PBXFileReference; fileEncoding = 4; lastKnownFileType = sourcecode.swift; path = JKGiftDigitLabel.swift; sourceTree = "<group>"; };
		E264B1DD24D7A51500ED82F8 /* GiftMakingInstructions */ = {isa = PBXFileReference; lastKnownFileType = text; path = GiftMakingInstructions; sourceTree = "<group>"; };
		E264B26724D7DBB300ED82F8 /* UIImageView+Gif.swift */ = {isa = PBXFileReference; fileEncoding = 4; lastKnownFileType = sourcecode.swift; path = "UIImageView+Gif.swift"; sourceTree = "<group>"; };
		E48D15D81B7C6F857EB7067E /* Pods-JKGiftAnimation.release.xcconfig */ = {isa = PBXFileReference; includeInIndex = 1; lastKnownFileType = text.xcconfig; name = "Pods-JKGiftAnimation.release.xcconfig"; path = "Target Support Files/Pods-JKGiftAnimation/Pods-JKGiftAnimation.release.xcconfig"; sourceTree = "<group>"; };
/* End PBXFileReference section */

/* Begin PBXFrameworksBuildPhase section */
		E25570BD24D475DF0026B83B /* Frameworks */ = {
			isa = PBXFrameworksBuildPhase;
			buildActionMask = 2147483647;
			files = (
				8549DBAFB5AF589DB0E39A3F /* Pods_JKGiftAnimation.framework in Frameworks */,
			);
			runOnlyForDeploymentPostprocessing = 0;
		};
		E25570D324D475E00026B83B /* Frameworks */ = {
			isa = PBXFrameworksBuildPhase;
			buildActionMask = 2147483647;
			files = (
			);
			runOnlyForDeploymentPostprocessing = 0;
		};
		E25570DE24D475E00026B83B /* Frameworks */ = {
			isa = PBXFrameworksBuildPhase;
			buildActionMask = 2147483647;
			files = (
			);
			runOnlyForDeploymentPostprocessing = 0;
		};
/* End PBXFrameworksBuildPhase section */

/* Begin PBXGroup section */
		15683C6C0301B9D9E703B69D /* Pods */ = {
			isa = PBXGroup;
			children = (
				6DA4414B1CB27234A1017502 /* Pods-JKGiftAnimation.debug.xcconfig */,
				E48D15D81B7C6F857EB7067E /* Pods-JKGiftAnimation.release.xcconfig */,
			);
			path = Pods;
			sourceTree = "<group>";
		};
		E25570B724D475DF0026B83B = {
			isa = PBXGroup;
			children = (
				E25570C224D475DF0026B83B /* JKGiftAnimation */,
				E25570D924D475E00026B83B /* JKGiftAnimationTests */,
				E25570E424D475E00026B83B /* JKGiftAnimationUITests */,
				E25570C124D475DF0026B83B /* Products */,
				15683C6C0301B9D9E703B69D /* Pods */,
				F1028691BD5C965B00C13294 /* Frameworks */,
			);
			sourceTree = "<group>";
		};
		E25570C124D475DF0026B83B /* Products */ = {
			isa = PBXGroup;
			children = (
				E25570C024D475DF0026B83B /* JKGiftAnimation.app */,
				E25570D624D475E00026B83B /* JKGiftAnimationTests.xctest */,
				E25570E124D475E00026B83B /* JKGiftAnimationUITests.xctest */,
			);
			name = Products;
			sourceTree = "<group>";
		};
		E25570C224D475DF0026B83B /* JKGiftAnimation */ = {
			isa = PBXGroup;
			children = (
				E25570C324D475DF0026B83B /* AppDelegate.swift */,
				E25570C524D475DF0026B83B /* SceneDelegate.swift */,
				E25570C724D475DF0026B83B /* ViewController.swift */,
				E25570C924D475DF0026B83B /* Main.storyboard */,
				E25570F324D4770B0026B83B /* JKGiftAnimation */,
				E25570CC24D475E00026B83B /* Assets.xcassets */,
				E25570CE24D475E00026B83B /* LaunchScreen.storyboard */,
				E25570D124D475E00026B83B /* Info.plist */,
			);
			path = JKGiftAnimation;
			sourceTree = "<group>";
		};
		E25570D924D475E00026B83B /* JKGiftAnimationTests */ = {
			isa = PBXGroup;
			children = (
				E25570DA24D475E00026B83B /* JKGiftAnimationTests.swift */,
				E25570DC24D475E00026B83B /* Info.plist */,
			);
			path = JKGiftAnimationTests;
			sourceTree = "<group>";
		};
		E25570E424D475E00026B83B /* JKGiftAnimationUITests */ = {
			isa = PBXGroup;
			children = (
				E25570E524D475E00026B83B /* JKGiftAnimationUITests.swift */,
				E25570E724D475E00026B83B /* Info.plist */,
			);
			path = JKGiftAnimationUITests;
			sourceTree = "<group>";
		};
		E25570F324D4770B0026B83B /* JKGiftAnimation */ = {
			isa = PBXGroup;
			children = (
				E25570F424D4770B0026B83B /* JKGiftContainerView.swift */,
				E25570F524D4770B0026B83B /* JKGiftChannelView.swift */,
				E25570F624D4770B0026B83B /* JKGiftModel.swift */,
				E25570F724D4770B0026B83B /* JKGiftDigitLabel.swift */,
				E264B26724D7DBB300ED82F8 /* UIImageView+Gif.swift */,
				E264B1DD24D7A51500ED82F8 /* GiftMakingInstructions */,
			);
			path = JKGiftAnimation;
			sourceTree = "<group>";
		};
		F1028691BD5C965B00C13294 /* Frameworks */ = {
			isa = PBXGroup;
			children = (
				8C067033F3422CEE731B2D03 /* Pods_JKGiftAnimation.framework */,
			);
			name = Frameworks;
			sourceTree = "<group>";
		};
/* End PBXGroup section */

/* Begin PBXNativeTarget section */
		E25570BF24D475DF0026B83B /* JKGiftAnimation */ = {
			isa = PBXNativeTarget;
			buildConfigurationList = E25570EA24D475E00026B83B /* Build configuration list for PBXNativeTarget "JKGiftAnimation" */;
			buildPhases = (
				1A71771367442152BD786D92 /* [CP] Check Pods Manifest.lock */,
				E25570BC24D475DF0026B83B /* Sources */,
				E25570BD24D475DF0026B83B /* Frameworks */,
				E25570BE24D475DF0026B83B /* Resources */,
				4C236B3C2A7B82954C9DC854 /* [CP] Embed Pods Frameworks */,
			);
			buildRules = (
			);
			dependencies = (
			);
			name = JKGiftAnimation;
			productName = JKGiftAnimation;
			productReference = E25570C024D475DF0026B83B /* JKGiftAnimation.app */;
			productType = "com.apple.product-type.application";
		};
		E25570D524D475E00026B83B /* JKGiftAnimationTests */ = {
			isa = PBXNativeTarget;
			buildConfigurationList = E25570ED24D475E00026B83B /* Build configuration list for PBXNativeTarget "JKGiftAnimationTests" */;
			buildPhases = (
				E25570D224D475E00026B83B /* Sources */,
				E25570D324D475E00026B83B /* Frameworks */,
				E25570D424D475E00026B83B /* Resources */,
			);
			buildRules = (
			);
			dependencies = (
				E25570D824D475E00026B83B /* PBXTargetDependency */,
			);
			name = JKGiftAnimationTests;
			productName = JKGiftAnimationTests;
			productReference = E25570D624D475E00026B83B /* JKGiftAnimationTests.xctest */;
			productType = "com.apple.product-type.bundle.unit-test";
		};
		E25570E024D475E00026B83B /* JKGiftAnimationUITests */ = {
			isa = PBXNativeTarget;
			buildConfigurationList = E25570F024D475E00026B83B /* Build configuration list for PBXNativeTarget "JKGiftAnimationUITests" */;
			buildPhases = (
				E25570DD24D475E00026B83B /* Sources */,
				E25570DE24D475E00026B83B /* Frameworks */,
				E25570DF24D475E00026B83B /* Resources */,
			);
			buildRules = (
			);
			dependencies = (
				E25570E324D475E00026B83B /* PBXTargetDependency */,
			);
			name = JKGiftAnimationUITests;
			productName = JKGiftAnimationUITests;
			productReference = E25570E124D475E00026B83B /* JKGiftAnimationUITests.xctest */;
			productType = "com.apple.product-type.bundle.ui-testing";
		};
/* End PBXNativeTarget section */

/* Begin PBXProject section */
		E25570B824D475DF0026B83B /* Project object */ = {
			isa = PBXProject;
			attributes = {
				LastSwiftUpdateCheck = 1160;
				LastUpgradeCheck = 1160;
				ORGANIZATIONNAME = "王冲";
				TargetAttributes = {
					E25570BF24D475DF0026B83B = {
						CreatedOnToolsVersion = 11.6;
					};
					E25570D524D475E00026B83B = {
						CreatedOnToolsVersion = 11.6;
						TestTargetID = E25570BF24D475DF0026B83B;
					};
					E25570E024D475E00026B83B = {
						CreatedOnToolsVersion = 11.6;
						TestTargetID = E25570BF24D475DF0026B83B;
					};
				};
			};
			buildConfigurationList = E25570BB24D475DF0026B83B /* Build configuration list for PBXProject "JKGiftAnimation" */;
			compatibilityVersion = "Xcode 9.3";
			developmentRegion = en;
			hasScannedForEncodings = 0;
			knownRegions = (
				en,
				Base,
			);
			mainGroup = E25570B724D475DF0026B83B;
			productRefGroup = E25570C124D475DF0026B83B /* Products */;
			projectDirPath = "";
			projectRoot = "";
			targets = (
				E25570BF24D475DF0026B83B /* JKGiftAnimation */,
				E25570D524D475E00026B83B /* JKGiftAnimationTests */,
				E25570E024D475E00026B83B /* JKGiftAnimationUITests */,
			);
		};
/* End PBXProject section */

/* Begin PBXResourcesBuildPhase section */
		E25570BE24D475DF0026B83B /* Resources */ = {
			isa = PBXResourcesBuildPhase;
			buildActionMask = 2147483647;
			files = (
				E264B1DE24D7A51500ED82F8 /* GiftMakingInstructions in Resources */,
				E25570D024D475E00026B83B /* LaunchScreen.storyboard in Resources */,
				E25570CD24D475E00026B83B /* Assets.xcassets in Resources */,
				E25570CB24D475DF0026B83B /* Main.storyboard in Resources */,
			);
			runOnlyForDeploymentPostprocessing = 0;
		};
		E25570D424D475E00026B83B /* Resources */ = {
			isa = PBXResourcesBuildPhase;
			buildActionMask = 2147483647;
			files = (
			);
			runOnlyForDeploymentPostprocessing = 0;
		};
		E25570DF24D475E00026B83B /* Resources */ = {
			isa = PBXResourcesBuildPhase;
			buildActionMask = 2147483647;
			files = (
			);
			runOnlyForDeploymentPostprocessing = 0;
		};
/* End PBXResourcesBuildPhase section */

/* Begin PBXShellScriptBuildPhase section */
		1A71771367442152BD786D92 /* [CP] Check Pods Manifest.lock */ = {
			isa = PBXShellScriptBuildPhase;
			buildActionMask = 2147483647;
			files = (
			);
			inputFileListPaths = (
			);
			inputPaths = (
				"${PODS_PODFILE_DIR_PATH}/Podfile.lock",
				"${PODS_ROOT}/Manifest.lock",
			);
			name = "[CP] Check Pods Manifest.lock";
			outputFileListPaths = (
			);
			outputPaths = (
				"$(DERIVED_FILE_DIR)/Pods-JKGiftAnimation-checkManifestLockResult.txt",
			);
			runOnlyForDeploymentPostprocessing = 0;
			shellPath = /bin/sh;
			shellScript = "diff \"${PODS_PODFILE_DIR_PATH}/Podfile.lock\" \"${PODS_ROOT}/Manifest.lock\" > /dev/null\nif [ $? != 0 ] ; then\n    # print error to STDERR\n    echo \"error: The sandbox is not in sync with the Podfile.lock. Run 'pod install' or update your CocoaPods installation.\" >&2\n    exit 1\nfi\n# This output is used by Xcode 'outputs' to avoid re-running this script phase.\necho \"SUCCESS\" > \"${SCRIPT_OUTPUT_FILE_0}\"\n";
			showEnvVarsInLog = 0;
		};
		4C236B3C2A7B82954C9DC854 /* [CP] Embed Pods Frameworks */ = {
			isa = PBXShellScriptBuildPhase;
			buildActionMask = 2147483647;
			files = (
			);
			inputFileListPaths = (
				"${PODS_ROOT}/Target Support Files/Pods-JKGiftAnimation/Pods-JKGiftAnimation-frameworks-${CONFIGURATION}-input-files.xcfilelist",
			);
			name = "[CP] Embed Pods Frameworks";
			outputFileListPaths = (
				"${PODS_ROOT}/Target Support Files/Pods-JKGiftAnimation/Pods-JKGiftAnimation-frameworks-${CONFIGURATION}-output-files.xcfilelist",
			);
			runOnlyForDeploymentPostprocessing = 0;
			shellPath = /bin/sh;
			shellScript = "\"${PODS_ROOT}/Target Support Files/Pods-JKGiftAnimation/Pods-JKGiftAnimation-frameworks.sh\"\n";
			showEnvVarsInLog = 0;
		};
/* End PBXShellScriptBuildPhase section */

/* Begin PBXSourcesBuildPhase section */
		E25570BC24D475DF0026B83B /* Sources */ = {
			isa = PBXSourcesBuildPhase;
			buildActionMask = 2147483647;
			files = (
				E25570FA24D4770B0026B83B /* JKGiftModel.swift in Sources */,
				E25570FB24D4770B0026B83B /* JKGiftDigitLabel.swift in Sources */,
				E25570C824D475DF0026B83B /* ViewController.swift in Sources */,
				E25570F824D4770B0026B83B /* JKGiftContainerView.swift in Sources */,
				E25570C424D475DF0026B83B /* AppDelegate.swift in Sources */,
				E264B26824D7DBB300ED82F8 /* UIImageView+Gif.swift in Sources */,
				E25570C624D475DF0026B83B /* SceneDelegate.swift in Sources */,
				E25570F924D4770B0026B83B /* JKGiftChannelView.swift in Sources */,
			);
			runOnlyForDeploymentPostprocessing = 0;
		};
		E25570D224D475E00026B83B /* Sources */ = {
			isa = PBXSourcesBuildPhase;
			buildActionMask = 2147483647;
			files = (
				E25570DB24D475E00026B83B /* JKGiftAnimationTests.swift in Sources */,
			);
			runOnlyForDeploymentPostprocessing = 0;
		};
		E25570DD24D475E00026B83B /* Sources */ = {
			isa = PBXSourcesBuildPhase;
			buildActionMask = 2147483647;
			files = (
				E25570E624D475E00026B83B /* JKGiftAnimationUITests.swift in Sources */,
			);
			runOnlyForDeploymentPostprocessing = 0;
		};
/* End PBXSourcesBuildPhase section */

/* Begin PBXTargetDependency section */
		E25570D824D475E00026B83B /* PBXTargetDependency */ = {
			isa = PBXTargetDependency;
			target = E25570BF24D475DF0026B83B /* JKGiftAnimation */;
			targetProxy = E25570D724D475E00026B83B /* PBXContainerItemProxy */;
		};
		E25570E324D475E00026B83B /* PBXTargetDependency */ = {
			isa = PBXTargetDependency;
			target = E25570BF24D475DF0026B83B /* JKGiftAnimation */;
			targetProxy = E25570E224D475E00026B83B /* PBXContainerItemProxy */;
		};
/* End PBXTargetDependency section */

/* Begin PBXVariantGroup section */
		E25570C924D475DF0026B83B /* Main.storyboard */ = {
			isa = PBXVariantGroup;
			children = (
				E25570CA24D475DF0026B83B /* Base */,
			);
			name = Main.storyboard;
			sourceTree = "<group>";
		};
		E25570CE24D475E00026B83B /* LaunchScreen.storyboard */ = {
			isa = PBXVariantGroup;
			children = (
				E25570CF24D475E00026B83B /* Base */,
			);
			name = LaunchScreen.storyboard;
			sourceTree = "<group>";
		};
/* End PBXVariantGroup section */

/* Begin XCBuildConfiguration section */
		E25570E824D475E00026B83B /* Debug */ = {
			isa = XCBuildConfiguration;
			buildSettings = {
				ALWAYS_SEARCH_USER_PATHS = NO;
				CLANG_ANALYZER_NONNULL = YES;
				CLANG_ANALYZER_NUMBER_OBJECT_CONVERSION = YES_AGGRESSIVE;
				CLANG_CXX_LANGUAGE_STANDARD = "gnu++14";
				CLANG_CXX_LIBRARY = "libc++";
				CLANG_ENABLE_MODULES = YES;
				CLANG_ENABLE_OBJC_ARC = YES;
				CLANG_ENABLE_OBJC_WEAK = YES;
				CLANG_WARN_BLOCK_CAPTURE_AUTORELEASING = YES;
				CLANG_WARN_BOOL_CONVERSION = YES;
				CLANG_WARN_COMMA = YES;
				CLANG_WARN_CONSTANT_CONVERSION = YES;
				CLANG_WARN_DEPRECATED_OBJC_IMPLEMENTATIONS = YES;
				CLANG_WARN_DIRECT_OBJC_ISA_USAGE = YES_ERROR;
				CLANG_WARN_DOCUMENTATION_COMMENTS = YES;
				CLANG_WARN_EMPTY_BODY = YES;
				CLANG_WARN_ENUM_CONVERSION = YES;
				CLANG_WARN_INFINITE_RECURSION = YES;
				CLANG_WARN_INT_CONVERSION = YES;
				CLANG_WARN_NON_LITERAL_NULL_CONVERSION = YES;
				CLANG_WARN_OBJC_IMPLICIT_RETAIN_SELF = YES;
				CLANG_WARN_OBJC_LITERAL_CONVERSION = YES;
				CLANG_WARN_OBJC_ROOT_CLASS = YES_ERROR;
				CLANG_WARN_RANGE_LOOP_ANALYSIS = YES;
				CLANG_WARN_STRICT_PROTOTYPES = YES;
				CLANG_WARN_SUSPICIOUS_MOVE = YES;
				CLANG_WARN_UNGUARDED_AVAILABILITY = YES_AGGRESSIVE;
				CLANG_WARN_UNREACHABLE_CODE = YES;
				CLANG_WARN__DUPLICATE_METHOD_MATCH = YES;
				COPY_PHASE_STRIP = NO;
				DEBUG_INFORMATION_FORMAT = dwarf;
				ENABLE_STRICT_OBJC_MSGSEND = YES;
				ENABLE_TESTABILITY = YES;
				GCC_C_LANGUAGE_STANDARD = gnu11;
				GCC_DYNAMIC_NO_PIC = NO;
				GCC_NO_COMMON_BLOCKS = YES;
				GCC_OPTIMIZATION_LEVEL = 0;
				GCC_PREPROCESSOR_DEFINITIONS = (
					"DEBUG=1",
					"$(inherited)",
				);
				GCC_WARN_64_TO_32_BIT_CONVERSION = YES;
				GCC_WARN_ABOUT_RETURN_TYPE = YES_ERROR;
				GCC_WARN_UNDECLARED_SELECTOR = YES;
				GCC_WARN_UNINITIALIZED_AUTOS = YES_AGGRESSIVE;
				GCC_WARN_UNUSED_FUNCTION = YES;
				GCC_WARN_UNUSED_VARIABLE = YES;
				IPHONEOS_DEPLOYMENT_TARGET = 13.6;
				MTL_ENABLE_DEBUG_INFO = INCLUDE_SOURCE;
				MTL_FAST_MATH = YES;
				ONLY_ACTIVE_ARCH = YES;
				SDKROOT = iphoneos;
				SWIFT_ACTIVE_COMPILATION_CONDITIONS = DEBUG;
				SWIFT_OPTIMIZATION_LEVEL = "-Onone";
			};
			name = Debug;
		};
		E25570E924D475E00026B83B /* Release */ = {
			isa = XCBuildConfiguration;
			buildSettings = {
				ALWAYS_SEARCH_USER_PATHS = NO;
				CLANG_ANALYZER_NONNULL = YES;
				CLANG_ANALYZER_NUMBER_OBJECT_CONVERSION = YES_AGGRESSIVE;
				CLANG_CXX_LANGUAGE_STANDARD = "gnu++14";
				CLANG_CXX_LIBRARY = "libc++";
				CLANG_ENABLE_MODULES = YES;
				CLANG_ENABLE_OBJC_ARC = YES;
				CLANG_ENABLE_OBJC_WEAK = YES;
				CLANG_WARN_BLOCK_CAPTURE_AUTORELEASING = YES;
				CLANG_WARN_BOOL_CONVERSION = YES;
				CLANG_WARN_COMMA = YES;
				CLANG_WARN_CONSTANT_CONVERSION = YES;
				CLANG_WARN_DEPRECATED_OBJC_IMPLEMENTATIONS = YES;
				CLANG_WARN_DIRECT_OBJC_ISA_USAGE = YES_ERROR;
				CLANG_WARN_DOCUMENTATION_COMMENTS = YES;
				CLANG_WARN_EMPTY_BODY = YES;
				CLANG_WARN_ENUM_CONVERSION = YES;
				CLANG_WARN_INFINITE_RECURSION = YES;
				CLANG_WARN_INT_CONVERSION = YES;
				CLANG_WARN_NON_LITERAL_NULL_CONVERSION = YES;
				CLANG_WARN_OBJC_IMPLICIT_RETAIN_SELF = YES;
				CLANG_WARN_OBJC_LITERAL_CONVERSION = YES;
				CLANG_WARN_OBJC_ROOT_CLASS = YES_ERROR;
				CLANG_WARN_RANGE_LOOP_ANALYSIS = YES;
				CLANG_WARN_STRICT_PROTOTYPES = YES;
				CLANG_WARN_SUSPICIOUS_MOVE = YES;
				CLANG_WARN_UNGUARDED_AVAILABILITY = YES_AGGRESSIVE;
				CLANG_WARN_UNREACHABLE_CODE = YES;
				CLANG_WARN__DUPLICATE_METHOD_MATCH = YES;
				COPY_PHASE_STRIP = NO;
				DEBUG_INFORMATION_FORMAT = "dwarf-with-dsym";
				ENABLE_NS_ASSERTIONS = NO;
				ENABLE_STRICT_OBJC_MSGSEND = YES;
				GCC_C_LANGUAGE_STANDARD = gnu11;
				GCC_NO_COMMON_BLOCKS = YES;
				GCC_WARN_64_TO_32_BIT_CONVERSION = YES;
				GCC_WARN_ABOUT_RETURN_TYPE = YES_ERROR;
				GCC_WARN_UNDECLARED_SELECTOR = YES;
				GCC_WARN_UNINITIALIZED_AUTOS = YES_AGGRESSIVE;
				GCC_WARN_UNUSED_FUNCTION = YES;
				GCC_WARN_UNUSED_VARIABLE = YES;
				IPHONEOS_DEPLOYMENT_TARGET = 13.6;
				MTL_ENABLE_DEBUG_INFO = NO;
				MTL_FAST_MATH = YES;
				SDKROOT = iphoneos;
				SWIFT_COMPILATION_MODE = wholemodule;
				SWIFT_OPTIMIZATION_LEVEL = "-O";
				VALIDATE_PRODUCT = YES;
			};
			name = Release;
		};
		E25570EB24D475E00026B83B /* Debug */ = {
			isa = XCBuildConfiguration;
			baseConfigurationReference = 6DA4414B1CB27234A1017502 /* Pods-JKGiftAnimation.debug.xcconfig */;
			buildSettings = {
				ASSETCATALOG_COMPILER_APPICON_NAME = AppIcon;
				CODE_SIGN_STYLE = Automatic;
				DEVELOPMENT_TEAM = 3MK2KJ67U7;
				INFOPLIST_FILE = JKGiftAnimation/Info.plist;
				LD_RUNPATH_SEARCH_PATHS = (
					"$(inherited)",
					"@executable_path/Frameworks",
				);
				PRODUCT_BUNDLE_IDENTIFIER = com.jk.JKGiftAnimation;
				PRODUCT_NAME = "$(TARGET_NAME)";
				SWIFT_VERSION = 5.0;
				TARGETED_DEVICE_FAMILY = "1,2";
			};
			name = Debug;
		};
		E25570EC24D475E00026B83B /* Release */ = {
			isa = XCBuildConfiguration;
			baseConfigurationReference = E48D15D81B7C6F857EB7067E /* Pods-JKGiftAnimation.release.xcconfig */;
			buildSettings = {
				ASSETCATALOG_COMPILER_APPICON_NAME = AppIcon;
				CODE_SIGN_STYLE = Automatic;
				DEVELOPMENT_TEAM = 3MK2KJ67U7;
				INFOPLIST_FILE = JKGiftAnimation/Info.plist;
				LD_RUNPATH_SEARCH_PATHS = (
					"$(inherited)",
					"@executable_path/Frameworks",
				);
				PRODUCT_BUNDLE_IDENTIFIER = com.jk.JKGiftAnimation;
				PRODUCT_NAME = "$(TARGET_NAME)";
				SWIFT_VERSION = 5.0;
				TARGETED_DEVICE_FAMILY = "1,2";
			};
			name = Release;
		};
		E25570EE24D475E00026B83B /* Debug */ = {
			isa = XCBuildConfiguration;
			buildSettings = {
				ALWAYS_EMBED_SWIFT_STANDARD_LIBRARIES = YES;
				BUNDLE_LOADER = "$(TEST_HOST)";
				CODE_SIGN_STYLE = Automatic;
				DEVELOPMENT_TEAM = 3MK2KJ67U7;
				INFOPLIST_FILE = JKGiftAnimationTests/Info.plist;
				IPHONEOS_DEPLOYMENT_TARGET = 13.6;
				LD_RUNPATH_SEARCH_PATHS = (
					"$(inherited)",
					"@executable_path/Frameworks",
					"@loader_path/Frameworks",
				);
				PRODUCT_BUNDLE_IDENTIFIER = com.jk.JKGiftAnimationTests;
				PRODUCT_NAME = "$(TARGET_NAME)";
				SWIFT_VERSION = 5.0;
				TARGETED_DEVICE_FAMILY = "1,2";
				TEST_HOST = "$(BUILT_PRODUCTS_DIR)/JKGiftAnimation.app/JKGiftAnimation";
			};
			name = Debug;
		};
		E25570EF24D475E00026B83B /* Release */ = {
			isa = XCBuildConfiguration;
			buildSettings = {
				ALWAYS_EMBED_SWIFT_STANDARD_LIBRARIES = YES;
				BUNDLE_LOADER = "$(TEST_HOST)";
				CODE_SIGN_STYLE = Automatic;
				DEVELOPMENT_TEAM = 3MK2KJ67U7;
				INFOPLIST_FILE = JKGiftAnimationTests/Info.plist;
				IPHONEOS_DEPLOYMENT_TARGET = 13.6;
				LD_RUNPATH_SEARCH_PATHS = (
					"$(inherited)",
					"@executable_path/Frameworks",
					"@loader_path/Frameworks",
				);
				PRODUCT_BUNDLE_IDENTIFIER = com.jk.JKGiftAnimationTests;
				PRODUCT_NAME = "$(TARGET_NAME)";
				SWIFT_VERSION = 5.0;
				TARGETED_DEVICE_FAMILY = "1,2";
				TEST_HOST = "$(BUILT_PRODUCTS_DIR)/JKGiftAnimation.app/JKGiftAnimation";
			};
			name = Release;
		};
		E25570F124D475E00026B83B /* Debug */ = {
			isa = XCBuildConfiguration;
			buildSettings = {
				ALWAYS_EMBED_SWIFT_STANDARD_LIBRARIES = YES;
				CODE_SIGN_STYLE = Automatic;
				DEVELOPMENT_TEAM = 3MK2KJ67U7;
				INFOPLIST_FILE = JKGiftAnimationUITests/Info.plist;
				LD_RUNPATH_SEARCH_PATHS = (
					"$(inherited)",
					"@executable_path/Frameworks",
					"@loader_path/Frameworks",
				);
				PRODUCT_BUNDLE_IDENTIFIER = com.jk.JKGiftAnimationUITests;
				PRODUCT_NAME = "$(TARGET_NAME)";
				SWIFT_VERSION = 5.0;
				TARGETED_DEVICE_FAMILY = "1,2";
				TEST_TARGET_NAME = JKGiftAnimation;
			};
			name = Debug;
		};
		E25570F224D475E00026B83B /* Release */ = {
			isa = XCBuildConfiguration;
			buildSettings = {
				ALWAYS_EMBED_SWIFT_STANDARD_LIBRARIES = YES;
				CODE_SIGN_STYLE = Automatic;
				DEVELOPMENT_TEAM = 3MK2KJ67U7;
				INFOPLIST_FILE = JKGiftAnimationUITests/Info.plist;
				LD_RUNPATH_SEARCH_PATHS = (
					"$(inherited)",
					"@executable_path/Frameworks",
					"@loader_path/Frameworks",
				);
				PRODUCT_BUNDLE_IDENTIFIER = com.jk.JKGiftAnimationUITests;
				PRODUCT_NAME = "$(TARGET_NAME)";
				SWIFT_VERSION = 5.0;
				TARGETED_DEVICE_FAMILY = "1,2";
				TEST_TARGET_NAME = JKGiftAnimation;
			};
			name = Release;
		};
/* End XCBuildConfiguration section */

/* Begin XCConfigurationList section */
		E25570BB24D475DF0026B83B /* Build configuration list for PBXProject "JKGiftAnimation" */ = {
			isa = XCConfigurationList;
			buildConfigurations = (
				E25570E824D475E00026B83B /* Debug */,
				E25570E924D475E00026B83B /* Release */,
			);
			defaultConfigurationIsVisible = 0;
			defaultConfigurationName = Release;
		};
		E25570EA24D475E00026B83B /* Build configuration list for PBXNativeTarget "JKGiftAnimation" */ = {
			isa = XCConfigurationList;
			buildConfigurations = (
				E25570EB24D475E00026B83B /* Debug */,
				E25570EC24D475E00026B83B /* Release */,
			);
			defaultConfigurationIsVisible = 0;
			defaultConfigurationName = Release;
		};
		E25570ED24D475E00026B83B /* Build configuration list for PBXNativeTarget "JKGiftAnimationTests" */ = {
			isa = XCConfigurationList;
			buildConfigurations = (
				E25570EE24D475E00026B83B /* Debug */,
				E25570EF24D475E00026B83B /* Release */,
			);
			defaultConfigurationIsVisible = 0;
			defaultConfigurationName = Release;
		};
		E25570F024D475E00026B83B /* Build configuration list for PBXNativeTarget "JKGiftAnimationUITests" */ = {
			isa = XCConfigurationList;
			buildConfigurations = (
				E25570F124D475E00026B83B /* Debug */,
				E25570F224D475E00026B83B /* Release */,
			);
			defaultConfigurationIsVisible = 0;
			defaultConfigurationName = Release;
		};
/* End XCConfigurationList section */
	};
	rootObject = E25570B824D475DF0026B83B /* Project object */;
}
